{
  "name": "mern",
  "version": "0.1.0",
  "lockfileVersion": 1,
  "requires": true,
  "dependencies": {
    "react-image-slider": {
      "version": "0.1.0",
      "resolved": "https://registry.npmjs.org/react-image-slider/-/react-image-slider-0.1.0.tgz",
      "integrity": "sha1-LhfsbDtrPjUImqJohCKKxhlAvew="
    }
  }
}
